
Microsoft Visual Studio Solution File, Format Version 12.00
# Visual Studio Version 16
VisualStudioVersion = 16.0.29728.190
MinimumVisualStudioVersion = 10.0.40219.1
Project("{FAE04EC0-301F-11D3-BF4B-00C04F79EFBC}") = "rng_bot", "rng_bot\rng_bot.csproj", "{6C8820D8-C37D-4C38-82E1-B4005BAEB8FC}"
EndProject
Global
	GlobalSection(SolutionConfigurationPlatforms) = preSolution
		Debug|Any CPU = Debug|Any CPU
		Release|Any CPU = Release|Any CPU
	EndGlobalSection
	GlobalSection(ProjectConfigurationPlatforms) = postSolution
		{6C8820D8-C37D-4C38-82E1-B4005BAEB8FC}.Debug|Any CPU.ActiveCfg = Debug|Any CPU
		{6C8820D8-C37D-4C38-82E1-B4005BAEB8FC}.Debug|Any CPU.Build.0 = Debug|Any CPU
		{6C8820D8-C37D-4C38-82E1-B4005BAEB8FC}.Release|Any CPU.ActiveCfg = Release|Any CPU
		{6C8820D8-C37D-4C38-82E1-B4005BAEB8FC}.Release|Any CPU.Build.0 = Release|Any CPU
	EndGlobalSection
	GlobalSection(SolutionProperties) = preSolution
		HideSolutionNode = FALSE
	EndGlobalSection
	GlobalSection(ExtensibilityGlobals) = postSolution
		SolutionGuid = {983303EE-D6AA-4605-8CC4-96184F848E0C}
	EndGlobalSection
EndGlobal
